// !$*UTF8*$!
{
	archiveVersion = 1;
	classes = {
	};
	objectVersion = 51;
	objects = {

/* Begin PBXBuildFile section */
		2C5AFBE671A905F514CD24E6 /* Pods_RecipleaseTests.framework in Frameworks */ = {isa = PBXBuildFile; fileRef = 89149D2A4724C735C6BF9227 /* Pods_RecipleaseTests.framework */; };
		3101CE2222E863FF00001171 /* RecipeRouter.swift in Sources */ = {isa = PBXBuildFile; fileRef = 3101CE2122E863FF00001171 /* RecipeRouter.swift */; };
		31111BD6230571BC00BE7067 /* CellCustom.swift in Sources */ = {isa = PBXBuildFile; fileRef = 31111BD5230571BC00BE7067 /* CellCustom.swift */; };
		31111BD8230576FC00BE7067 /* DetailView.swift in Sources */ = {isa = PBXBuildFile; fileRef = 31111BD7230576FC00BE7067 /* DetailView.swift */; };
		31111BDB230577F200BE7067 /* ResultSearchTableViewController.swift in Sources */ = {isa = PBXBuildFile; fileRef = 31111BDA230577F200BE7067 /* ResultSearchTableViewController.swift */; };
		315A8F14230AA15700134E30 /* DetailRecipeViewController.swift in Sources */ = {isa = PBXBuildFile; fileRef = 315A8F13230AA15700134E30 /* DetailRecipeViewController.swift */; };
		315A8F16230AA19400134E30 /* DetailRecipeView.swift in Sources */ = {isa = PBXBuildFile; fileRef = 315A8F15230AA19400134E30 /* DetailRecipeView.swift */; };
		315A8F18230AB7C100134E30 /* AlertEnum.swift in Sources */ = {isa = PBXBuildFile; fileRef = 315A8F17230AB7C100134E30 /* AlertEnum.swift */; };
		3168169322E5BFC600F528C0 /* RecipeService.swift in Sources */ = {isa = PBXBuildFile; fileRef = 3168169222E5BFC600F528C0 /* RecipeService.swift */; };
		3168169522E5BFDA00F528C0 /* Recipe.swift in Sources */ = {isa = PBXBuildFile; fileRef = 3168169422E5BFDA00F528C0 /* Recipe.swift */; };
		3168169722E5BFE500F528C0 /* CurrentRecipe.swift in Sources */ = {isa = PBXBuildFile; fileRef = 3168169622E5BFE500F528C0 /* CurrentRecipe.swift */; };
		3168169922E6F37F00F528C0 /* Constant.swift in Sources */ = {isa = PBXBuildFile; fileRef = 3168169822E6F37F00F528C0 /* Constant.swift */; };
		31722A2B2317B5F600059AAC /* ExtensionFavoriteTableViewController.swift in Sources */ = {isa = PBXBuildFile; fileRef = 31722A2A2317B5F600059AAC /* ExtensionFavoriteTableViewController.swift */; };
		31824D0622E0A1E700F2B989 /* AppDelegate.swift in Sources */ = {isa = PBXBuildFile; fileRef = 31824D0522E0A1E700F2B989 /* AppDelegate.swift */; };
		31824D0822E0A1E700F2B989 /* ViewController.swift in Sources */ = {isa = PBXBuildFile; fileRef = 31824D0722E0A1E700F2B989 /* ViewController.swift */; };
		31824D0B22E0A1E700F2B989 /* Main.storyboard in Resources */ = {isa = PBXBuildFile; fileRef = 31824D0922E0A1E700F2B989 /* Main.storyboard */; };
		31824D0E22E0A1E700F2B989 /* Reciplease.xcdatamodeld in Sources */ = {isa = PBXBuildFile; fileRef = 31824D0C22E0A1E700F2B989 /* Reciplease.xcdatamodeld */; };
		31824D1022E0A1E900F2B989 /* Assets.xcassets in Resources */ = {isa = PBXBuildFile; fileRef = 31824D0F22E0A1E900F2B989 /* Assets.xcassets */; };
		31824D1322E0A1E900F2B989 /* LaunchScreen.storyboard in Resources */ = {isa = PBXBuildFile; fileRef = 31824D1122E0A1E900F2B989 /* LaunchScreen.storyboard */; };
		31BC11282316CA3600C57BCD /* ExtensioResultSearchTableViewController.swift in Sources */ = {isa = PBXBuildFile; fileRef = 31BC11272316CA3600C57BCD /* ExtensioResultSearchTableViewController.swift */; };
		31BC112A2316D3CB00C57BCD /* RecipeSearchTestCase.swift in Sources */ = {isa = PBXBuildFile; fileRef = 31BC11292316D3CB00C57BCD /* RecipeSearchTestCase.swift */; };
		31F1D6B9230AE544001618D4 /* ExtensionViewController.swift in Sources */ = {isa = PBXBuildFile; fileRef = 31F1D6B8230AE544001618D4 /* ExtensionViewController.swift */; };
		31F1D6C1230AE79F001618D4 /* ExtensionDetailRecipeViewController.swift in Sources */ = {isa = PBXBuildFile; fileRef = 31F1D6C0230AE79F001618D4 /* ExtensionDetailRecipeViewController.swift */; };
		31F1D6CD230AF59B001618D4 /* FavoriteTableViewController.swift in Sources */ = {isa = PBXBuildFile; fileRef = 31F1D6CC230AF59B001618D4 /* FavoriteTableViewController.swift */; };
		31F1D6CF230BE457001618D4 /* RecipeDetail.swift in Sources */ = {isa = PBXBuildFile; fileRef = 31F1D6CE230BE457001618D4 /* RecipeDetail.swift */; };
		31F1D6D1230C1F86001618D4 /* ImageReferenceView.swift in Sources */ = {isa = PBXBuildFile; fileRef = 31F1D6D0230C1F86001618D4 /* ImageReferenceView.swift */; };
		31F1D6D7230C5D24001618D4 /* RecipeSearch.swift in Sources */ = {isa = PBXBuildFile; fileRef = 31F1D6D6230C5D24001618D4 /* RecipeSearch.swift */; };
		31F1D6DE230EAAC1001618D4 /* RecipeFavorite.swift in Sources */ = {isa = PBXBuildFile; fileRef = 31F1D6DD230EAAC1001618D4 /* RecipeFavorite.swift */; };
		31F1D6E4230EC382001618D4 /* recipe.json in Resources */ = {isa = PBXBuildFile; fileRef = 31F1D6E3230EC382001618D4 /* recipe.json */; };
		31F1D6E6230EC3E7001618D4 /* FakeResponseData.swift in Sources */ = {isa = PBXBuildFile; fileRef = 31F1D6E5230EC3E7001618D4 /* FakeResponseData.swift */; };
		31F1D6E8230EC476001618D4 /*  RecipeSessionFake.swift in Sources */ = {isa = PBXBuildFile; fileRef = 31F1D6E7230EC476001618D4 /*  RecipeSessionFake.swift */; };
		31F1D6EA230EC4EE001618D4 /* RecipeServiceTestCase.swift in Sources */ = {isa = PBXBuildFile; fileRef = 31F1D6E9230EC4EE001618D4 /* RecipeServiceTestCase.swift */; };
		31F1D6EC230F0405001618D4 /* RecipeSession.swift in Sources */ = {isa = PBXBuildFile; fileRef = 31F1D6EB230F0405001618D4 /* RecipeSession.swift */; };
		31F1D6EE230F048F001618D4 /* RecipeProtocol.swift in Sources */ = {isa = PBXBuildFile; fileRef = 31F1D6ED230F048F001618D4 /* RecipeProtocol.swift */; };
		31F1D6F3230FCB56001618D4 /* RecipeTestCase.swift in Sources */ = {isa = PBXBuildFile; fileRef = 31F1D6F2230FCB56001618D4 /* RecipeTestCase.swift */; };
		31F1D6F8230FE5AE001618D4 /* Alamofire.framework in Frameworks */ = {isa = PBXBuildFile; fileRef = 31F1D6F7230FE5AE001618D4 /* Alamofire.framework */; settings = {ATTRIBUTES = (Weak, ); }; };
		31F1D6FE230FE7E4001618D4 /* RecipleaseUITests.swift in Sources */ = {isa = PBXBuildFile; fileRef = 31F1D6FD230FE7E4001618D4 /* RecipleaseUITests.swift */; };
		31F1D701230FF212001618D4 /* Alamofire.framework in Frameworks */ = {isa = PBXBuildFile; fileRef = 31F1D700230FF212001618D4 /* Alamofire.framework */; };
		31F1D703230FF849001618D4 /* ManageCoreData.swift in Sources */ = {isa = PBXBuildFile; fileRef = 31F1D702230FF849001618D4 /* ManageCoreData.swift */; };
		31F1D70A23100C1A001618D4 /* RecipleaseCoreData+CoreDataClass.swift in Sources */ = {isa = PBXBuildFile; fileRef = 31F1D70823100C1A001618D4 /* RecipleaseCoreData+CoreDataClass.swift */; };
		31F1D70B23100C1A001618D4 /* RecipleaseCoreData+CoreDataProperties.swift in Sources */ = {isa = PBXBuildFile; fileRef = 31F1D70923100C1A001618D4 /* RecipleaseCoreData+CoreDataProperties.swift */; };
		31F1D70D23101312001618D4 /* ManageCoreDataTest.swift in Sources */ = {isa = PBXBuildFile; fileRef = 31F1D70C23101312001618D4 /* ManageCoreDataTest.swift */; };
		382E24CBECDDA29891DFB4DF /* Pods_Reciplease.framework in Frameworks */ = {isa = PBXBuildFile; fileRef = 6917C16D47C690C78316B0B0 /* Pods_Reciplease.framework */; };
		BA31037D22FB05DC0032304E /* RecipleaseView.swift in Sources */ = {isa = PBXBuildFile; fileRef = BA31037C22FB05DC0032304E /* RecipleaseView.swift */; };
		BA31037F22FB2CED0032304E /* Extension.swift in Sources */ = {isa = PBXBuildFile; fileRef = BA31037E22FB2CEC0032304E /* Extension.swift */; };
/* End PBXBuildFile section */

/* Begin PBXContainerItemProxy section */
		31824D1A22E0A1E900F2B989 /* PBXContainerItemProxy */ = {
			isa = PBXContainerItemProxy;
			containerPortal = 31824CFA22E0A1E700F2B989 /* Project object */;
			proxyType = 1;
			remoteGlobalIDString = 31824D0122E0A1E700F2B989;
			remoteInfo = Reciplease;
		};
		31824D2522E0A1E900F2B989 /* PBXContainerItemProxy */ = {
			isa = PBXContainerItemProxy;
			containerPortal = 31824CFA22E0A1E700F2B989 /* Project object */;
			proxyType = 1;
			remoteGlobalIDString = 31824D0122E0A1E700F2B989;
			remoteInfo = Reciplease;
		};
/* End PBXContainerItemProxy section */

/* Begin PBXFileReference section */
		05D717592462BF60C2C040D4 /* Pods-RecipleaseTests.release.xcconfig */ = {isa = PBXFileReference; includeInIndex = 1; lastKnownFileType = text.xcconfig; name = "Pods-RecipleaseTests.release.xcconfig"; path = "Target Support Files/Pods-RecipleaseTests/Pods-RecipleaseTests.release.xcconfig"; sourceTree = "<group>"; };
		3101CE2122E863FF00001171 /* RecipeRouter.swift */ = {isa = PBXFileReference; lastKnownFileType = sourcecode.swift; path = RecipeRouter.swift; sourceTree = "<group>"; };
		31111BD5230571BC00BE7067 /* CellCustom.swift */ = {isa = PBXFileReference; lastKnownFileType = sourcecode.swift; path = CellCustom.swift; sourceTree = "<group>"; };
		31111BD7230576FC00BE7067 /* DetailView.swift */ = {isa = PBXFileReference; lastKnownFileType = sourcecode.swift; path = DetailView.swift; sourceTree = "<group>"; };
		31111BDA230577F200BE7067 /* ResultSearchTableViewController.swift */ = {isa = PBXFileReference; lastKnownFileType = sourcecode.swift; path = ResultSearchTableViewController.swift; sourceTree = "<group>"; };
		315A8F13230AA15700134E30 /* DetailRecipeViewController.swift */ = {isa = PBXFileReference; lastKnownFileType = sourcecode.swift; path = DetailRecipeViewController.swift; sourceTree = "<group>"; };
		315A8F15230AA19400134E30 /* DetailRecipeView.swift */ = {isa = PBXFileReference; lastKnownFileType = sourcecode.swift; path = DetailRecipeView.swift; sourceTree = "<group>"; };
		315A8F17230AB7C100134E30 /* AlertEnum.swift */ = {isa = PBXFileReference; lastKnownFileType = sourcecode.swift; path = AlertEnum.swift; sourceTree = "<group>"; };
		3168169222E5BFC600F528C0 /* RecipeService.swift */ = {isa = PBXFileReference; lastKnownFileType = sourcecode.swift; path = RecipeService.swift; sourceTree = "<group>"; };
		3168169422E5BFDA00F528C0 /* Recipe.swift */ = {isa = PBXFileReference; lastKnownFileType = sourcecode.swift; path = Recipe.swift; sourceTree = "<group>"; };
		3168169622E5BFE500F528C0 /* CurrentRecipe.swift */ = {isa = PBXFileReference; lastKnownFileType = sourcecode.swift; path = CurrentRecipe.swift; sourceTree = "<group>"; };
		3168169822E6F37F00F528C0 /* Constant.swift */ = {isa = PBXFileReference; lastKnownFileType = sourcecode.swift; path = Constant.swift; sourceTree = "<group>"; };
		31722A2A2317B5F600059AAC /* ExtensionFavoriteTableViewController.swift */ = {isa = PBXFileReference; lastKnownFileType = sourcecode.swift; path = ExtensionFavoriteTableViewController.swift; sourceTree = "<group>"; };
		31824D0222E0A1E700F2B989 /* Reciplease.app */ = {isa = PBXFileReference; explicitFileType = wrapper.application; includeInIndex = 0; path = Reciplease.app; sourceTree = BUILT_PRODUCTS_DIR; };
		31824D0522E0A1E700F2B989 /* AppDelegate.swift */ = {isa = PBXFileReference; lastKnownFileType = sourcecode.swift; path = AppDelegate.swift; sourceTree = "<group>"; };
		31824D0722E0A1E700F2B989 /* ViewController.swift */ = {isa = PBXFileReference; lastKnownFileType = sourcecode.swift; path = ViewController.swift; sourceTree = "<group>"; };
		31824D0A22E0A1E700F2B989 /* Base */ = {isa = PBXFileReference; lastKnownFileType = file.storyboard; name = Base; path = Base.lproj/Main.storyboard; sourceTree = "<group>"; };
		31824D0D22E0A1E700F2B989 /* Reciplease.xcdatamodel */ = {isa = PBXFileReference; lastKnownFileType = wrapper.xcdatamodel; path = Reciplease.xcdatamodel; sourceTree = "<group>"; };
		31824D0F22E0A1E900F2B989 /* Assets.xcassets */ = {isa = PBXFileReference; lastKnownFileType = folder.assetcatalog; path = Assets.xcassets; sourceTree = "<group>"; };
		31824D1222E0A1E900F2B989 /* Base */ = {isa = PBXFileReference; lastKnownFileType = file.storyboard; name = Base; path = Base.lproj/LaunchScreen.storyboard; sourceTree = "<group>"; };
		31824D1422E0A1E900F2B989 /* Info.plist */ = {isa = PBXFileReference; lastKnownFileType = text.plist.xml; path = Info.plist; sourceTree = "<group>"; };
		31824D1922E0A1E900F2B989 /* RecipleaseTests.xctest */ = {isa = PBXFileReference; explicitFileType = wrapper.cfbundle; includeInIndex = 0; path = RecipleaseTests.xctest; sourceTree = BUILT_PRODUCTS_DIR; };
		31824D1F22E0A1E900F2B989 /* Info.plist */ = {isa = PBXFileReference; lastKnownFileType = text.plist.xml; path = Info.plist; sourceTree = "<group>"; };
		31824D2422E0A1E900F2B989 /* RecipleaseUITests.xctest */ = {isa = PBXFileReference; explicitFileType = wrapper.cfbundle; includeInIndex = 0; path = RecipleaseUITests.xctest; sourceTree = BUILT_PRODUCTS_DIR; };
		31824D2A22E0A1E900F2B989 /* Info.plist */ = {isa = PBXFileReference; lastKnownFileType = text.plist.xml; path = Info.plist; sourceTree = "<group>"; };
		31BC11272316CA3600C57BCD /* ExtensioResultSearchTableViewController.swift */ = {isa = PBXFileReference; lastKnownFileType = sourcecode.swift; path = ExtensioResultSearchTableViewController.swift; sourceTree = "<group>"; };
		31BC11292316D3CB00C57BCD /* RecipeSearchTestCase.swift */ = {isa = PBXFileReference; lastKnownFileType = sourcecode.swift; path = RecipeSearchTestCase.swift; sourceTree = "<group>"; };
		31F1D6B8230AE544001618D4 /* ExtensionViewController.swift */ = {isa = PBXFileReference; lastKnownFileType = sourcecode.swift; path = ExtensionViewController.swift; sourceTree = "<group>"; };
		31F1D6C0230AE79F001618D4 /* ExtensionDetailRecipeViewController.swift */ = {isa = PBXFileReference; lastKnownFileType = sourcecode.swift; path = ExtensionDetailRecipeViewController.swift; sourceTree = "<group>"; };
		31F1D6CC230AF59B001618D4 /* FavoriteTableViewController.swift */ = {isa = PBXFileReference; lastKnownFileType = sourcecode.swift; path = FavoriteTableViewController.swift; sourceTree = "<group>"; };
		31F1D6CE230BE457001618D4 /* RecipeDetail.swift */ = {isa = PBXFileReference; lastKnownFileType = sourcecode.swift; path = RecipeDetail.swift; sourceTree = "<group>"; };
		31F1D6D0230C1F86001618D4 /* ImageReferenceView.swift */ = {isa = PBXFileReference; lastKnownFileType = sourcecode.swift; path = ImageReferenceView.swift; sourceTree = "<group>"; };
		31F1D6D6230C5D24001618D4 /* RecipeSearch.swift */ = {isa = PBXFileReference; lastKnownFileType = sourcecode.swift; path = RecipeSearch.swift; sourceTree = "<group>"; };
		31F1D6DD230EAAC1001618D4 /* RecipeFavorite.swift */ = {isa = PBXFileReference; lastKnownFileType = sourcecode.swift; path = RecipeFavorite.swift; sourceTree = "<group>"; };
		31F1D6E3230EC382001618D4 /* recipe.json */ = {isa = PBXFileReference; lastKnownFileType = text.json; path = recipe.json; sourceTree = "<group>"; };
		31F1D6E5230EC3E7001618D4 /* FakeResponseData.swift */ = {isa = PBXFileReference; lastKnownFileType = sourcecode.swift; path = FakeResponseData.swift; sourceTree = "<group>"; };
		31F1D6E7230EC476001618D4 /*  RecipeSessionFake.swift */ = {isa = PBXFileReference; lastKnownFileType = sourcecode.swift; path = " RecipeSessionFake.swift"; sourceTree = "<group>"; };
		31F1D6E9230EC4EE001618D4 /* RecipeServiceTestCase.swift */ = {isa = PBXFileReference; lastKnownFileType = sourcecode.swift; path = RecipeServiceTestCase.swift; sourceTree = "<group>"; };
		31F1D6EB230F0405001618D4 /* RecipeSession.swift */ = {isa = PBXFileReference; lastKnownFileType = sourcecode.swift; path = RecipeSession.swift; sourceTree = "<group>"; };
		31F1D6ED230F048F001618D4 /* RecipeProtocol.swift */ = {isa = PBXFileReference; lastKnownFileType = sourcecode.swift; path = RecipeProtocol.swift; sourceTree = "<group>"; };
		31F1D6F2230FCB56001618D4 /* RecipeTestCase.swift */ = {isa = PBXFileReference; lastKnownFileType = sourcecode.swift; path = RecipeTestCase.swift; sourceTree = "<group>"; };
		31F1D6F7230FE5AE001618D4 /* Alamofire.framework */ = {isa = PBXFileReference; explicitFileType = wrapper.framework; path = Alamofire.framework; sourceTree = BUILT_PRODUCTS_DIR; };
		31F1D6FD230FE7E4001618D4 /* RecipleaseUITests.swift */ = {isa = PBXFileReference; fileEncoding = 4; lastKnownFileType = sourcecode.swift; path = RecipleaseUITests.swift; sourceTree = "<group>"; };
		31F1D6FF230FE80F001618D4 /* RecipleaseUITests-Bridging-Header.h */ = {isa = PBXFileReference; fileEncoding = 4; lastKnownFileType = sourcecode.c.h; path = "RecipleaseUITests-Bridging-Header.h"; sourceTree = "<group>"; };
		31F1D700230FF212001618D4 /* Alamofire.framework */ = {isa = PBXFileReference; explicitFileType = wrapper.framework; path = Alamofire.framework; sourceTree = BUILT_PRODUCTS_DIR; };
		31F1D702230FF849001618D4 /* ManageCoreData.swift */ = {isa = PBXFileReference; lastKnownFileType = sourcecode.swift; path = ManageCoreData.swift; sourceTree = "<group>"; };
		31F1D70823100C1A001618D4 /* RecipleaseCoreData+CoreDataClass.swift */ = {isa = PBXFileReference; lastKnownFileType = sourcecode.swift; path = "RecipleaseCoreData+CoreDataClass.swift"; sourceTree = "<group>"; };
		31F1D70923100C1A001618D4 /* RecipleaseCoreData+CoreDataProperties.swift */ = {isa = PBXFileReference; lastKnownFileType = sourcecode.swift; path = "RecipleaseCoreData+CoreDataProperties.swift"; sourceTree = "<group>"; };
		31F1D70C23101312001618D4 /* ManageCoreDataTest.swift */ = {isa = PBXFileReference; lastKnownFileType = sourcecode.swift; path = ManageCoreDataTest.swift; sourceTree = "<group>"; };
		5D2FF95C544AEB0FF48F3E5B /* Pods-RecipleaseTests.debug.xcconfig */ = {isa = PBXFileReference; includeInIndex = 1; lastKnownFileType = text.xcconfig; name = "Pods-RecipleaseTests.debug.xcconfig"; path = "Target Support Files/Pods-RecipleaseTests/Pods-RecipleaseTests.debug.xcconfig"; sourceTree = "<group>"; };
		6917C16D47C690C78316B0B0 /* Pods_Reciplease.framework */ = {isa = PBXFileReference; explicitFileType = wrapper.framework; includeInIndex = 0; path = Pods_Reciplease.framework; sourceTree = BUILT_PRODUCTS_DIR; };
		89149D2A4724C735C6BF9227 /* Pods_RecipleaseTests.framework */ = {isa = PBXFileReference; explicitFileType = wrapper.framework; includeInIndex = 0; path = Pods_RecipleaseTests.framework; sourceTree = BUILT_PRODUCTS_DIR; };
		8AA25D64225C70A1501D5E10 /* Pods-Reciplease.release.xcconfig */ = {isa = PBXFileReference; includeInIndex = 1; lastKnownFileType = text.xcconfig; name = "Pods-Reciplease.release.xcconfig"; path = "Target Support Files/Pods-Reciplease/Pods-Reciplease.release.xcconfig"; sourceTree = "<group>"; };
		BA31037C22FB05DC0032304E /* RecipleaseView.swift */ = {isa = PBXFileReference; lastKnownFileType = sourcecode.swift; path = RecipleaseView.swift; sourceTree = "<group>"; };
		BA31037E22FB2CEC0032304E /* Extension.swift */ = {isa = PBXFileReference; lastKnownFileType = sourcecode.swift; path = Extension.swift; sourceTree = "<group>"; };
		BEAC782ED4FF2B6F6B20210A /* Pods-Reciplease.debug.xcconfig */ = {isa = PBXFileReference; includeInIndex = 1; lastKnownFileType = text.xcconfig; name = "Pods-Reciplease.debug.xcconfig"; path = "Target Support Files/Pods-Reciplease/Pods-Reciplease.debug.xcconfig"; sourceTree = "<group>"; };
/* End PBXFileReference section */

/* Begin PBXFrameworksBuildPhase section */
		31824CFF22E0A1E700F2B989 /* Frameworks */ = {
			isa = PBXFrameworksBuildPhase;
			buildActionMask = 2147483647;
			files = (
				31F1D6F8230FE5AE001618D4 /* Alamofire.framework in Frameworks */,
				382E24CBECDDA29891DFB4DF /* Pods_Reciplease.framework in Frameworks */,
			);
			runOnlyForDeploymentPostprocessing = 0;
		};
		31824D1622E0A1E900F2B989 /* Frameworks */ = {
			isa = PBXFrameworksBuildPhase;
			buildActionMask = 2147483647;
			files = (
				31F1D701230FF212001618D4 /* Alamofire.framework in Frameworks */,
				2C5AFBE671A905F514CD24E6 /* Pods_RecipleaseTests.framework in Frameworks */,
			);
			runOnlyForDeploymentPostprocessing = 0;
		};
		F40365DF4BDA0DC3AA6F1386 /* Frameworks */ = {
			isa = PBXFrameworksBuildPhase;
			buildActionMask = 2147483647;
			files = (
			);
			runOnlyForDeploymentPostprocessing = 0;
		};
/* End PBXFrameworksBuildPhase section */

/* Begin PBXGroup section */
		0B4E87A693FA2CEB79927E4E /* Frameworks */ = {
			isa = PBXGroup;
			children = (
				31F1D700230FF212001618D4 /* Alamofire.framework */,
				31F1D6F7230FE5AE001618D4 /* Alamofire.framework */,
				6917C16D47C690C78316B0B0 /* Pods_Reciplease.framework */,
				89149D2A4724C735C6BF9227 /* Pods_RecipleaseTests.framework */,
			);
			name = Frameworks;
			sourceTree = "<group>";
		};
		31111BD9230577BB00BE7067 /* UtilityExt */ = {
			isa = PBXGroup;
			children = (
				31722A292317B5CC00059AAC /* FavoriteTableViewControllerExt-Proto */,
				31BC11262316C9FC00C57BCD /* ResultSearchTableViewControllerExt-Proto */,
				31F1D6BD230AE69F001618D4 /* DetailRecipeViewControllerExt-Proto */,
				31F1D6BC230AE639001618D4 /* ViewControllerExt-Proto */,
				315A8F17230AB7C100134E30 /* AlertEnum.swift */,
				BA31037E22FB2CEC0032304E /* Extension.swift */,
			);
			path = UtilityExt;
			sourceTree = "<group>";
		};
		3168168D22E5BEDF00F528C0 /* model */ = {
			isa = PBXGroup;
			children = (
				31F1D6E2230EC31E001618D4 /* modelVC */,
				31F1D6E1230EC2D8001618D4 /* ServiceNetWork */,
				31F1D6B3230AE4F0001618D4 /* CoreData */,
				3168169822E6F37F00F528C0 /* Constant.swift */,
			);
			path = model;
			sourceTree = "<group>";
		};
		3168168E22E5BEE700F528C0 /* controller */ = {
			isa = PBXGroup;
			children = (
				31824D0722E0A1E700F2B989 /* ViewController.swift */,
				31111BDA230577F200BE7067 /* ResultSearchTableViewController.swift */,
				315A8F13230AA15700134E30 /* DetailRecipeViewController.swift */,
				31F1D6CC230AF59B001618D4 /* FavoriteTableViewController.swift */,
			);
			path = controller;
			sourceTree = "<group>";
		};
		3168168F22E5BEF000F528C0 /* view */ = {
			isa = PBXGroup;
			children = (
				BA31037C22FB05DC0032304E /* RecipleaseView.swift */,
				31111BD5230571BC00BE7067 /* CellCustom.swift */,
				31111BD7230576FC00BE7067 /* DetailView.swift */,
				315A8F15230AA19400134E30 /* DetailRecipeView.swift */,
				31F1D6D0230C1F86001618D4 /* ImageReferenceView.swift */,
				31824D0922E0A1E700F2B989 /* Main.storyboard */,
			);
			path = view;
			sourceTree = "<group>";
		};
		31722A292317B5CC00059AAC /* FavoriteTableViewControllerExt-Proto */ = {
			isa = PBXGroup;
			children = (
				31722A2A2317B5F600059AAC /* ExtensionFavoriteTableViewController.swift */,
			);
			path = "FavoriteTableViewControllerExt-Proto";
			sourceTree = "<group>";
		};
		31824CF922E0A1E700F2B989 = {
			isa = PBXGroup;
			children = (
				31F1D70823100C1A001618D4 /* RecipleaseCoreData+CoreDataClass.swift */,
				31F1D70923100C1A001618D4 /* RecipleaseCoreData+CoreDataProperties.swift */,
				31824D0422E0A1E700F2B989 /* Reciplease */,
				31824D1C22E0A1E900F2B989 /* RecipleaseTests */,
				31824D2722E0A1E900F2B989 /* RecipleaseUITests */,
				31824D0322E0A1E700F2B989 /* Products */,
				F1D5D562638BD8978ECD05F9 /* Pods */,
				0B4E87A693FA2CEB79927E4E /* Frameworks */,
			);
			sourceTree = "<group>";
		};
		31824D0322E0A1E700F2B989 /* Products */ = {
			isa = PBXGroup;
			children = (
				31824D0222E0A1E700F2B989 /* Reciplease.app */,
				31824D1922E0A1E900F2B989 /* RecipleaseTests.xctest */,
				31824D2422E0A1E900F2B989 /* RecipleaseUITests.xctest */,
			);
			name = Products;
			sourceTree = "<group>";
		};
		31824D0422E0A1E700F2B989 /* Reciplease */ = {
			isa = PBXGroup;
			children = (
				31F1D6B2230AE4A8001618D4 /* SupportingFiles */,
				31111BD9230577BB00BE7067 /* UtilityExt */,
				3168168F22E5BEF000F528C0 /* view */,
				3168168E22E5BEE700F528C0 /* controller */,
				3168168D22E5BEDF00F528C0 /* model */,
			);
			path = Reciplease;
			sourceTree = "<group>";
		};
		31824D1C22E0A1E900F2B989 /* RecipleaseTests */ = {
			isa = PBXGroup;
			children = (
				31F1D6EF230FCAE9001618D4 /* NetWorkTestHelper */,
				31F1D6E9230EC4EE001618D4 /* RecipeServiceTestCase.swift */,
				31BC11292316D3CB00C57BCD /* RecipeSearchTestCase.swift */,
				31F1D6F2230FCB56001618D4 /* RecipeTestCase.swift */,
				31F1D70C23101312001618D4 /* ManageCoreDataTest.swift */,
				31F1D6E3230EC382001618D4 /* recipe.json */,
				31824D1F22E0A1E900F2B989 /* Info.plist */,
			);
			path = RecipleaseTests;
			sourceTree = "<group>";
		};
		31824D2722E0A1E900F2B989 /* RecipleaseUITests */ = {
			isa = PBXGroup;
			children = (
				31F1D6FD230FE7E4001618D4 /* RecipleaseUITests.swift */,
				31F1D6FF230FE80F001618D4 /* RecipleaseUITests-Bridging-Header.h */,
				31824D2A22E0A1E900F2B989 /* Info.plist */,
			);
			path = RecipleaseUITests;
			sourceTree = "<group>";
		};
		31BC11262316C9FC00C57BCD /* ResultSearchTableViewControllerExt-Proto */ = {
			isa = PBXGroup;
			children = (
				31BC11272316CA3600C57BCD /* ExtensioResultSearchTableViewController.swift */,
			);
			path = "ResultSearchTableViewControllerExt-Proto";
			sourceTree = "<group>";
		};
		31F1D6B2230AE4A8001618D4 /* SupportingFiles */ = {
			isa = PBXGroup;
			children = (
				31824D0522E0A1E700F2B989 /* AppDelegate.swift */,
				31824D0F22E0A1E900F2B989 /* Assets.xcassets */,
				31824D1122E0A1E900F2B989 /* LaunchScreen.storyboard */,
				31824D1422E0A1E900F2B989 /* Info.plist */,
			);
			path = SupportingFiles;
			sourceTree = "<group>";
		};
		31F1D6B3230AE4F0001618D4 /* CoreData */ = {
			isa = PBXGroup;
			children = (
				31F1D702230FF849001618D4 /* ManageCoreData.swift */,
				31824D0C22E0A1E700F2B989 /* Reciplease.xcdatamodeld */,
			);
			path = CoreData;
			sourceTree = "<group>";
		};
		31F1D6BC230AE639001618D4 /* ViewControllerExt-Proto */ = {
			isa = PBXGroup;
			children = (
				31F1D6B8230AE544001618D4 /* ExtensionViewController.swift */,
			);
			path = "ViewControllerExt-Proto";
			sourceTree = "<group>";
		};
		31F1D6BD230AE69F001618D4 /* DetailRecipeViewControllerExt-Proto */ = {
			isa = PBXGroup;
			children = (
				31F1D6C0230AE79F001618D4 /* ExtensionDetailRecipeViewController.swift */,
			);
			path = "DetailRecipeViewControllerExt-Proto";
			sourceTree = "<group>";
		};
		31F1D6E1230EC2D8001618D4 /* ServiceNetWork */ = {
			isa = PBXGroup;
			children = (
				3168169222E5BFC600F528C0 /* RecipeService.swift */,
				31F1D6EB230F0405001618D4 /* RecipeSession.swift */,
				31F1D6ED230F048F001618D4 /* RecipeProtocol.swift */,
				3101CE2122E863FF00001171 /* RecipeRouter.swift */,
			);
			path = ServiceNetWork;
			sourceTree = "<group>";
		};
		31F1D6E2230EC31E001618D4 /* modelVC */ = {
			isa = PBXGroup;
			children = (
				3168169422E5BFDA00F528C0 /* Recipe.swift */,
				31F1D6D6230C5D24001618D4 /* RecipeSearch.swift */,
				31F1D6CE230BE457001618D4 /* RecipeDetail.swift */,
				31F1D6DD230EAAC1001618D4 /* RecipeFavorite.swift */,
				3168169622E5BFE500F528C0 /* CurrentRecipe.swift */,
			);
			path = modelVC;
			sourceTree = "<group>";
		};
		31F1D6EF230FCAE9001618D4 /* NetWorkTestHelper */ = {
			isa = PBXGroup;
			children = (
				31F1D6E5230EC3E7001618D4 /* FakeResponseData.swift */,
				31F1D6E7230EC476001618D4 /*  RecipeSessionFake.swift */,
			);
			path = NetWorkTestHelper;
			sourceTree = "<group>";
		};
		F1D5D562638BD8978ECD05F9 /* Pods */ = {
			isa = PBXGroup;
			children = (
				BEAC782ED4FF2B6F6B20210A /* Pods-Reciplease.debug.xcconfig */,
				8AA25D64225C70A1501D5E10 /* Pods-Reciplease.release.xcconfig */,
				5D2FF95C544AEB0FF48F3E5B /* Pods-RecipleaseTests.debug.xcconfig */,
				05D717592462BF60C2C040D4 /* Pods-RecipleaseTests.release.xcconfig */,
			);
			path = Pods;
			sourceTree = "<group>";
		};
/* End PBXGroup section */

/* Begin PBXNativeTarget section */
		31824D0122E0A1E700F2B989 /* Reciplease */ = {
			isa = PBXNativeTarget;
			buildConfigurationList = 31824D2D22E0A1E900F2B989 /* Build configuration list for PBXNativeTarget "Reciplease" */;
			buildPhases = (
				CF772D5D588CB88CAB18A61B /* [CP] Check Pods Manifest.lock */,
				31824CFE22E0A1E700F2B989 /* Sources */,
				31824CFF22E0A1E700F2B989 /* Frameworks */,
				31824D0022E0A1E700F2B989 /* Resources */,
				45322B7285048276557ACF2F /* [CP] Embed Pods Frameworks */,
			);
			buildRules = (
			);
			dependencies = (
			);
			name = Reciplease;
			productName = Reciplease;
			productReference = 31824D0222E0A1E700F2B989 /* Reciplease.app */;
			productType = "com.apple.product-type.application";
		};
		31824D1822E0A1E900F2B989 /* RecipleaseTests */ = {
			isa = PBXNativeTarget;
			buildConfigurationList = 31824D3022E0A1E900F2B989 /* Build configuration list for PBXNativeTarget "RecipleaseTests" */;
			buildPhases = (
				AE75723D2A73F149E3524866 /* [CP] Check Pods Manifest.lock */,
				31824D1522E0A1E900F2B989 /* Sources */,
				31824D1622E0A1E900F2B989 /* Frameworks */,
				31824D1722E0A1E900F2B989 /* Resources */,
			);
			buildRules = (
			);
			dependencies = (
				31824D1B22E0A1E900F2B989 /* PBXTargetDependency */,
			);
			name = RecipleaseTests;
			productName = RecipleaseTests;
			productReference = 31824D1922E0A1E900F2B989 /* RecipleaseTests.xctest */;
			productType = "com.apple.product-type.bundle.unit-test";
		};
		31824D2322E0A1E900F2B989 /* RecipleaseUITests */ = {
			isa = PBXNativeTarget;
			buildConfigurationList = 31824D3322E0A1E900F2B989 /* Build configuration list for PBXNativeTarget "RecipleaseUITests" */;
			buildPhases = (
				31824D2022E0A1E900F2B989 /* Sources */,
				31824D2222E0A1E900F2B989 /* Resources */,
				F40365DF4BDA0DC3AA6F1386 /* Frameworks */,
			);
			buildRules = (
			);
			dependencies = (
				31824D2622E0A1E900F2B989 /* PBXTargetDependency */,
			);
			name = RecipleaseUITests;
			productName = RecipleaseUITests;
			productReference = 31824D2422E0A1E900F2B989 /* RecipleaseUITests.xctest */;
			productType = "com.apple.product-type.bundle.ui-testing";
		};
/* End PBXNativeTarget section */

/* Begin PBXProject section */
		31824CFA22E0A1E700F2B989 /* Project object */ = {
			isa = PBXProject;
			attributes = {
				LastSwiftUpdateCheck = 1010;
				LastUpgradeCheck = 1010;
				ORGANIZATIONNAME = "Clément Martin";
				TargetAttributes = {
					31824D0122E0A1E700F2B989 = {
						CreatedOnToolsVersion = 10.1;
					};
					31824D1822E0A1E900F2B989 = {
						CreatedOnToolsVersion = 10.1;
						TestTargetID = 31824D0122E0A1E700F2B989;
					};
					31824D2322E0A1E900F2B989 = {
						CreatedOnToolsVersion = 10.1;
						LastSwiftMigration = 1010;
						TestTargetID = 31824D0122E0A1E700F2B989;
					};
				};
			};
			buildConfigurationList = 31824CFD22E0A1E700F2B989 /* Build configuration list for PBXProject "Reciplease" */;
			compatibilityVersion = "Xcode 9.3";
			developmentRegion = en;
			hasScannedForEncodings = 0;
			knownRegions = (
				en,
				Base,
			);
			mainGroup = 31824CF922E0A1E700F2B989;
			productRefGroup = 31824D0322E0A1E700F2B989 /* Products */;
			projectDirPath = "";
			projectRoot = "";
			targets = (
				31824D0122E0A1E700F2B989 /* Reciplease */,
				31824D1822E0A1E900F2B989 /* RecipleaseTests */,
				31824D2322E0A1E900F2B989 /* RecipleaseUITests */,
			);
		};
/* End PBXProject section */

/* Begin PBXResourcesBuildPhase section */
		31824D0022E0A1E700F2B989 /* Resources */ = {
			isa = PBXResourcesBuildPhase;
			buildActionMask = 2147483647;
			files = (
				31824D1322E0A1E900F2B989 /* LaunchScreen.storyboard in Resources */,
				31824D1022E0A1E900F2B989 /* Assets.xcassets in Resources */,
				31824D0B22E0A1E700F2B989 /* Main.storyboard in Resources */,
			);
			runOnlyForDeploymentPostprocessing = 0;
		};
		31824D1722E0A1E900F2B989 /* Resources */ = {
			isa = PBXResourcesBuildPhase;
			buildActionMask = 2147483647;
			files = (
				31F1D6E4230EC382001618D4 /* recipe.json in Resources */,
			);
			runOnlyForDeploymentPostprocessing = 0;
		};
		31824D2222E0A1E900F2B989 /* Resources */ = {
			isa = PBXResourcesBuildPhase;
			buildActionMask = 2147483647;
			files = (
			);
			runOnlyForDeploymentPostprocessing = 0;
		};
/* End PBXResourcesBuildPhase section */

/* Begin PBXShellScriptBuildPhase section */
		45322B7285048276557ACF2F /* [CP] Embed Pods Frameworks */ = {
			isa = PBXShellScriptBuildPhase;
			buildActionMask = 2147483647;
			files = (
			);
			inputFileListPaths = (
				"${PODS_ROOT}/Target Support Files/Pods-Reciplease/Pods-Reciplease-frameworks-${CONFIGURATION}-input-files.xcfilelist",
			);
			name = "[CP] Embed Pods Frameworks";
			outputFileListPaths = (
				"${PODS_ROOT}/Target Support Files/Pods-Reciplease/Pods-Reciplease-frameworks-${CONFIGURATION}-output-files.xcfilelist",
			);
			runOnlyForDeploymentPostprocessing = 0;
			shellPath = /bin/sh;
			shellScript = "\"${PODS_ROOT}/Target Support Files/Pods-Reciplease/Pods-Reciplease-frameworks.sh\"\n";
			showEnvVarsInLog = 0;
		};
		AE75723D2A73F149E3524866 /* [CP] Check Pods Manifest.lock */ = {
			isa = PBXShellScriptBuildPhase;
			buildActionMask = 2147483647;
			files = (
			);
			inputFileListPaths = (
			);
			inputPaths = (
				"${PODS_PODFILE_DIR_PATH}/Podfile.lock",
				"${PODS_ROOT}/Manifest.lock",
			);
			name = "[CP] Check Pods Manifest.lock";
			outputFileListPaths = (
			);
			outputPaths = (
				"$(DERIVED_FILE_DIR)/Pods-RecipleaseTests-checkManifestLockResult.txt",
			);
			runOnlyForDeploymentPostprocessing = 0;
			shellPath = /bin/sh;
			shellScript = "diff \"${PODS_PODFILE_DIR_PATH}/Podfile.lock\" \"${PODS_ROOT}/Manifest.lock\" > /dev/null\nif [ $? != 0 ] ; then\n    # print error to STDERR\n    echo \"error: The sandbox is not in sync with the Podfile.lock. Run 'pod install' or update your CocoaPods installation.\" >&2\n    exit 1\nfi\n# This output is used by Xcode 'outputs' to avoid re-running this script phase.\necho \"SUCCESS\" > \"${SCRIPT_OUTPUT_FILE_0}\"\n";
			showEnvVarsInLog = 0;
		};
		CF772D5D588CB88CAB18A61B /* [CP] Check Pods Manifest.lock */ = {
			isa = PBXShellScriptBuildPhase;
			buildActionMask = 2147483647;
			files = (
			);
			inputFileListPaths = (
			);
			inputPaths = (
				"${PODS_PODFILE_DIR_PATH}/Podfile.lock",
				"${PODS_ROOT}/Manifest.lock",
			);
			name = "[CP] Check Pods Manifest.lock";
			outputFileListPaths = (
			);
			outputPaths = (
				"$(DERIVED_FILE_DIR)/Pods-Reciplease-checkManifestLockResult.txt",
			);
			runOnlyForDeploymentPostprocessing = 0;
			shellPath = /bin/sh;
			shellScript = "diff \"${PODS_PODFILE_DIR_PATH}/Podfile.lock\" \"${PODS_ROOT}/Manifest.lock\" > /dev/null\nif [ $? != 0 ] ; then\n    # print error to STDERR\n    echo \"error: The sandbox is not in sync with the Podfile.lock. Run 'pod install' or update your CocoaPods installation.\" >&2\n    exit 1\nfi\n# This output is used by Xcode 'outputs' to avoid re-running this script phase.\necho \"SUCCESS\" > \"${SCRIPT_OUTPUT_FILE_0}\"\n";
			showEnvVarsInLog = 0;
		};
/* End PBXShellScriptBuildPhase section */

/* Begin PBXSourcesBuildPhase section */
		31824CFE22E0A1E700F2B989 /* Sources */ = {
			isa = PBXSourcesBuildPhase;
			buildActionMask = 2147483647;
			files = (
				31F1D6CF230BE457001618D4 /* RecipeDetail.swift in Sources */,
				31824D0E22E0A1E700F2B989 /* Reciplease.xcdatamodeld in Sources */,
				BA31037D22FB05DC0032304E /* RecipleaseView.swift in Sources */,
				31F1D6C1230AE79F001618D4 /* ExtensionDetailRecipeViewController.swift in Sources */,
				31111BDB230577F200BE7067 /* ResultSearchTableViewController.swift in Sources */,
				315A8F16230AA19400134E30 /* DetailRecipeView.swift in Sources */,
				31824D0822E0A1E700F2B989 /* ViewController.swift in Sources */,
				31824D0622E0A1E700F2B989 /* AppDelegate.swift in Sources */,
				3168169922E6F37F00F528C0 /* Constant.swift in Sources */,
				3168169522E5BFDA00F528C0 /* Recipe.swift in Sources */,
				31F1D70B23100C1A001618D4 /* RecipleaseCoreData+CoreDataProperties.swift in Sources */,
				31F1D6D1230C1F86001618D4 /* ImageReferenceView.swift in Sources */,
				31BC11282316CA3600C57BCD /* ExtensioResultSearchTableViewController.swift in Sources */,
				31722A2B2317B5F600059AAC /* ExtensionFavoriteTableViewController.swift in Sources */,
				31F1D6EE230F048F001618D4 /* RecipeProtocol.swift in Sources */,
				31F1D6D7230C5D24001618D4 /* RecipeSearch.swift in Sources */,
				31F1D6B9230AE544001618D4 /* ExtensionViewController.swift in Sources */,
				31F1D6EC230F0405001618D4 /* RecipeSession.swift in Sources */,
				3168169322E5BFC600F528C0 /* RecipeService.swift in Sources */,
				31111BD8230576FC00BE7067 /* DetailView.swift in Sources */,
				315A8F18230AB7C100134E30 /* AlertEnum.swift in Sources */,
				315A8F14230AA15700134E30 /* DetailRecipeViewController.swift in Sources */,
				BA31037F22FB2CED0032304E /* Extension.swift in Sources */,
				31F1D6CD230AF59B001618D4 /* FavoriteTableViewController.swift in Sources */,
				31F1D6DE230EAAC1001618D4 /* RecipeFavorite.swift in Sources */,
				3101CE2222E863FF00001171 /* RecipeRouter.swift in Sources */,
				31F1D703230FF849001618D4 /* ManageCoreData.swift in Sources */,
				31F1D70A23100C1A001618D4 /* RecipleaseCoreData+CoreDataClass.swift in Sources */,
				31111BD6230571BC00BE7067 /* CellCustom.swift in Sources */,
				3168169722E5BFE500F528C0 /* CurrentRecipe.swift in Sources */,
			);
			runOnlyForDeploymentPostprocessing = 0;
		};
		31824D1522E0A1E900F2B989 /* Sources */ = {
			isa = PBXSourcesBuildPhase;
			buildActionMask = 2147483647;
			files = (
				31F1D6F3230FCB56001618D4 /* RecipeTestCase.swift in Sources */,
				31BC112A2316D3CB00C57BCD /* RecipeSearchTestCase.swift in Sources */,
				31F1D70D23101312001618D4 /* ManageCoreDataTest.swift in Sources */,
				31F1D6E8230EC476001618D4 /*  RecipeSessionFake.swift in Sources */,
				31F1D6E6230EC3E7001618D4 /* FakeResponseData.swift in Sources */,
				31F1D6EA230EC4EE001618D4 /* RecipeServiceTestCase.swift in Sources */,
			);
			runOnlyForDeploymentPostprocessing = 0;
		};
		31824D2022E0A1E900F2B989 /* Sources */ = {
			isa = PBXSourcesBuildPhase;
			buildActionMask = 2147483647;
			files = (
				31F1D6FE230FE7E4001618D4 /* RecipleaseUITests.swift in Sources */,
			);
			runOnlyForDeploymentPostprocessing = 0;
		};
/* End PBXSourcesBuildPhase section */

/* Begin PBXTargetDependency section */
		31824D1B22E0A1E900F2B989 /* PBXTargetDependency */ = {
			isa = PBXTargetDependency;
			target = 31824D0122E0A1E700F2B989 /* Reciplease */;
			targetProxy = 31824D1A22E0A1E900F2B989 /* PBXContainerItemProxy */;
		};
		31824D2622E0A1E900F2B989 /* PBXTargetDependency */ = {
			isa = PBXTargetDependency;
			target = 31824D0122E0A1E700F2B989 /* Reciplease */;
			targetProxy = 31824D2522E0A1E900F2B989 /* PBXContainerItemProxy */;
		};
/* End PBXTargetDependency section */

/* Begin PBXVariantGroup section */
		31824D0922E0A1E700F2B989 /* Main.storyboard */ = {
			isa = PBXVariantGroup;
			children = (
				31824D0A22E0A1E700F2B989 /* Base */,
			);
			name = Main.storyboard;
			sourceTree = "<group>";
		};
		31824D1122E0A1E900F2B989 /* LaunchScreen.storyboard */ = {
			isa = PBXVariantGroup;
			children = (
				31824D1222E0A1E900F2B989 /* Base */,
			);
			name = LaunchScreen.storyboard;
			sourceTree = "<group>";
		};
/* End PBXVariantGroup section */

/* Begin XCBuildConfiguration section */
		31824D2B22E0A1E900F2B989 /* Debug */ = {
			isa = XCBuildConfiguration;
			buildSettings = {
				ALWAYS_SEARCH_USER_PATHS = NO;
				CLANG_ANALYZER_NONNULL = YES;
				CLANG_ANALYZER_NUMBER_OBJECT_CONVERSION = YES_AGGRESSIVE;
				CLANG_CXX_LANGUAGE_STANDARD = "gnu++14";
				CLANG_CXX_LIBRARY = "libc++";
				CLANG_ENABLE_MODULES = YES;
				CLANG_ENABLE_OBJC_ARC = YES;
				CLANG_ENABLE_OBJC_WEAK = YES;
				CLANG_WARN_BLOCK_CAPTURE_AUTORELEASING = YES;
				CLANG_WARN_BOOL_CONVERSION = YES;
				CLANG_WARN_COMMA = YES;
				CLANG_WARN_CONSTANT_CONVERSION = YES;
				CLANG_WARN_DEPRECATED_OBJC_IMPLEMENTATIONS = YES;
				CLANG_WARN_DIRECT_OBJC_ISA_USAGE = YES_ERROR;
				CLANG_WARN_DOCUMENTATION_COMMENTS = YES;
				CLANG_WARN_EMPTY_BODY = YES;
				CLANG_WARN_ENUM_CONVERSION = YES;
				CLANG_WARN_INFINITE_RECURSION = YES;
				CLANG_WARN_INT_CONVERSION = YES;
				CLANG_WARN_NON_LITERAL_NULL_CONVERSION = YES;
				CLANG_WARN_OBJC_IMPLICIT_RETAIN_SELF = YES;
				CLANG_WARN_OBJC_LITERAL_CONVERSION = YES;
				CLANG_WARN_OBJC_ROOT_CLASS = YES_ERROR;
				CLANG_WARN_RANGE_LOOP_ANALYSIS = YES;
				CLANG_WARN_STRICT_PROTOTYPES = YES;
				CLANG_WARN_SUSPICIOUS_MOVE = YES;
				CLANG_WARN_UNGUARDED_AVAILABILITY = YES_AGGRESSIVE;
				CLANG_WARN_UNREACHABLE_CODE = YES;
				CLANG_WARN__DUPLICATE_METHOD_MATCH = YES;
				CODE_SIGN_IDENTITY = "iPhone Developer";
				COPY_PHASE_STRIP = NO;
				DEBUG_INFORMATION_FORMAT = dwarf;
				ENABLE_STRICT_OBJC_MSGSEND = YES;
				ENABLE_TESTABILITY = YES;
				GCC_C_LANGUAGE_STANDARD = gnu11;
				GCC_DYNAMIC_NO_PIC = NO;
				GCC_NO_COMMON_BLOCKS = YES;
				GCC_OPTIMIZATION_LEVEL = 0;
				GCC_PREPROCESSOR_DEFINITIONS = (
					"DEBUG=1",
					"$(inherited)",
				);
				GCC_WARN_64_TO_32_BIT_CONVERSION = YES;
				GCC_WARN_ABOUT_RETURN_TYPE = YES_ERROR;
				GCC_WARN_UNDECLARED_SELECTOR = YES;
				GCC_WARN_UNINITIALIZED_AUTOS = YES_AGGRESSIVE;
				GCC_WARN_UNUSED_FUNCTION = YES;
				GCC_WARN_UNUSED_VARIABLE = YES;
				IPHONEOS_DEPLOYMENT_TARGET = 12.1;
				MTL_ENABLE_DEBUG_INFO = INCLUDE_SOURCE;
				MTL_FAST_MATH = YES;
				ONLY_ACTIVE_ARCH = YES;
				SDKROOT = iphoneos;
				SWIFT_ACTIVE_COMPILATION_CONDITIONS = DEBUG;
				SWIFT_OPTIMIZATION_LEVEL = "-Onone";
			};
			name = Debug;
		};
		31824D2C22E0A1E900F2B989 /* Release */ = {
			isa = XCBuildConfiguration;
			buildSettings = {
				ALWAYS_SEARCH_USER_PATHS = NO;
				CLANG_ANALYZER_NONNULL = YES;
				CLANG_ANALYZER_NUMBER_OBJECT_CONVERSION = YES_AGGRESSIVE;
				CLANG_CXX_LANGUAGE_STANDARD = "gnu++14";
				CLANG_CXX_LIBRARY = "libc++";
				CLANG_ENABLE_MODULES = YES;
				CLANG_ENABLE_OBJC_ARC = YES;
				CLANG_ENABLE_OBJC_WEAK = YES;
				CLANG_WARN_BLOCK_CAPTURE_AUTORELEASING = YES;
				CLANG_WARN_BOOL_CONVERSION = YES;
				CLANG_WARN_COMMA = YES;
				CLANG_WARN_CONSTANT_CONVERSION = YES;
				CLANG_WARN_DEPRECATED_OBJC_IMPLEMENTATIONS = YES;
				CLANG_WARN_DIRECT_OBJC_ISA_USAGE = YES_ERROR;
				CLANG_WARN_DOCUMENTATION_COMMENTS = YES;
				CLANG_WARN_EMPTY_BODY = YES;
				CLANG_WARN_ENUM_CONVERSION = YES;
				CLANG_WARN_INFINITE_RECURSION = YES;
				CLANG_WARN_INT_CONVERSION = YES;
				CLANG_WARN_NON_LITERAL_NULL_CONVERSION = YES;
				CLANG_WARN_OBJC_IMPLICIT_RETAIN_SELF = YES;
				CLANG_WARN_OBJC_LITERAL_CONVERSION = YES;
				CLANG_WARN_OBJC_ROOT_CLASS = YES_ERROR;
				CLANG_WARN_RANGE_LOOP_ANALYSIS = YES;
				CLANG_WARN_STRICT_PROTOTYPES = YES;
				CLANG_WARN_SUSPICIOUS_MOVE = YES;
				CLANG_WARN_UNGUARDED_AVAILABILITY = YES_AGGRESSIVE;
				CLANG_WARN_UNREACHABLE_CODE = YES;
				CLANG_WARN__DUPLICATE_METHOD_MATCH = YES;
				CODE_SIGN_IDENTITY = "iPhone Developer";
				COPY_PHASE_STRIP = NO;
				DEBUG_INFORMATION_FORMAT = "dwarf-with-dsym";
				ENABLE_NS_ASSERTIONS = NO;
				ENABLE_STRICT_OBJC_MSGSEND = YES;
				GCC_C_LANGUAGE_STANDARD = gnu11;
				GCC_NO_COMMON_BLOCKS = YES;
				GCC_WARN_64_TO_32_BIT_CONVERSION = YES;
				GCC_WARN_ABOUT_RETURN_TYPE = YES_ERROR;
				GCC_WARN_UNDECLARED_SELECTOR = YES;
				GCC_WARN_UNINITIALIZED_AUTOS = YES_AGGRESSIVE;
				GCC_WARN_UNUSED_FUNCTION = YES;
				GCC_WARN_UNUSED_VARIABLE = YES;
				IPHONEOS_DEPLOYMENT_TARGET = 12.1;
				MTL_ENABLE_DEBUG_INFO = NO;
				MTL_FAST_MATH = YES;
				SDKROOT = iphoneos;
				SWIFT_COMPILATION_MODE = wholemodule;
				SWIFT_OPTIMIZATION_LEVEL = "-O";
				VALIDATE_PRODUCT = YES;
			};
			name = Release;
		};
		31824D2E22E0A1E900F2B989 /* Debug */ = {
			isa = XCBuildConfiguration;
			baseConfigurationReference = BEAC782ED4FF2B6F6B20210A /* Pods-Reciplease.debug.xcconfig */;
			buildSettings = {
				ASSETCATALOG_COMPILER_APPICON_NAME = AppIcon;
				CODE_SIGN_STYLE = Automatic;
				DEVELOPMENT_TEAM = ABP4G8VUJL;
				INFOPLIST_FILE = "$(SRCROOT)/Reciplease/SupportingFiles/Info.plist";
				LD_RUNPATH_SEARCH_PATHS = (
					"$(inherited)",
					"@executable_path/Frameworks",
				);
				PRODUCT_BUNDLE_IDENTIFIER = com.Alaskadream.Reciplease;
				PRODUCT_NAME = "$(TARGET_NAME)";
				SWIFT_VERSION = 4.2;
				TARGETED_DEVICE_FAMILY = "1,2";
			};
			name = Debug;
		};
		31824D2F22E0A1E900F2B989 /* Release */ = {
			isa = XCBuildConfiguration;
			baseConfigurationReference = 8AA25D64225C70A1501D5E10 /* Pods-Reciplease.release.xcconfig */;
			buildSettings = {
				ASSETCATALOG_COMPILER_APPICON_NAME = AppIcon;
				CODE_SIGN_STYLE = Automatic;
				DEVELOPMENT_TEAM = ABP4G8VUJL;
				INFOPLIST_FILE = "$(SRCROOT)/Reciplease/SupportingFiles/Info.plist";
				LD_RUNPATH_SEARCH_PATHS = (
					"$(inherited)",
					"@executable_path/Frameworks",
				);
				PRODUCT_BUNDLE_IDENTIFIER = com.Alaskadream.Reciplease;
				PRODUCT_NAME = "$(TARGET_NAME)";
				SWIFT_VERSION = 4.2;
				TARGETED_DEVICE_FAMILY = "1,2";
			};
			name = Release;
		};
		31824D3122E0A1E900F2B989 /* Debug */ = {
			isa = XCBuildConfiguration;
			baseConfigurationReference = 5D2FF95C544AEB0FF48F3E5B /* Pods-RecipleaseTests.debug.xcconfig */;
			buildSettings = {
				ALWAYS_EMBED_SWIFT_STANDARD_LIBRARIES = YES;
				BUNDLE_LOADER = "$(TEST_HOST)";
				CODE_SIGN_STYLE = Automatic;
				DEVELOPMENT_TEAM = ABP4G8VUJL;
				INFOPLIST_FILE = RecipleaseTests/Info.plist;
				LD_RUNPATH_SEARCH_PATHS = (
					"$(inherited)",
					"@executable_path/Frameworks",
					"@loader_path/Frameworks",
				);
				PRODUCT_BUNDLE_IDENTIFIER = com.Alaskadream.RecipleaseTests;
				PRODUCT_NAME = "$(TARGET_NAME)";
				SWIFT_VERSION = 4.2;
				TARGETED_DEVICE_FAMILY = "1,2";
				TEST_HOST = "$(BUILT_PRODUCTS_DIR)/Reciplease.app/Reciplease";
			};
			name = Debug;
		};
		31824D3222E0A1E900F2B989 /* Release */ = {
			isa = XCBuildConfiguration;
			baseConfigurationReference = 05D717592462BF60C2C040D4 /* Pods-RecipleaseTests.release.xcconfig */;
			buildSettings = {
				ALWAYS_EMBED_SWIFT_STANDARD_LIBRARIES = YES;
				BUNDLE_LOADER = "$(TEST_HOST)";
				CODE_SIGN_STYLE = Automatic;
				DEVELOPMENT_TEAM = ABP4G8VUJL;
				INFOPLIST_FILE = RecipleaseTests/Info.plist;
				LD_RUNPATH_SEARCH_PATHS = (
					"$(inherited)",
					"@executable_path/Frameworks",
					"@loader_path/Frameworks",
				);
				PRODUCT_BUNDLE_IDENTIFIER = com.Alaskadream.RecipleaseTests;
				PRODUCT_NAME = "$(TARGET_NAME)";
				SWIFT_VERSION = 4.2;
				TARGETED_DEVICE_FAMILY = "1,2";
				TEST_HOST = "$(BUILT_PRODUCTS_DIR)/Reciplease.app/Reciplease";
			};
			name = Release;
		};
		31824D3422E0A1E900F2B989 /* Debug */ = {
			isa = XCBuildConfiguration;
			buildSettings = {
				ALWAYS_EMBED_SWIFT_STANDARD_LIBRARIES = YES;
				CLANG_ENABLE_MODULES = YES;
				CODE_SIGN_STYLE = Automatic;
				DEVELOPMENT_TEAM = ABP4G8VUJL;
				INFOPLIST_FILE = RecipleaseUITests/Info.plist;
				LD_RUNPATH_SEARCH_PATHS = (
					"$(inherited)",
					"@executable_path/Frameworks",
					"@loader_path/Frameworks",
				);
				PRODUCT_BUNDLE_IDENTIFIER = com.Alaskadream.RecipleaseUITests;
				PRODUCT_NAME = "$(TARGET_NAME)";
				SWIFT_OBJC_BRIDGING_HEADER = "RecipleaseUITests/RecipleaseUITests-Bridging-Header.h";
				SWIFT_OPTIMIZATION_LEVEL = "-Onone";
				SWIFT_VERSION = 4.2;
				TARGETED_DEVICE_FAMILY = "1,2";
				TEST_TARGET_NAME = Reciplease;
			};
			name = Debug;
		};
		31824D3522E0A1E900F2B989 /* Release */ = {
			isa = XCBuildConfiguration;
			buildSettings = {
				ALWAYS_EMBED_SWIFT_STANDARD_LIBRARIES = YES;
				CLANG_ENABLE_MODULES = YES;
				CODE_SIGN_STYLE = Automatic;
				DEVELOPMENT_TEAM = ABP4G8VUJL;
				INFOPLIST_FILE = RecipleaseUITests/Info.plist;
				LD_RUNPATH_SEARCH_PATHS = (
					"$(inherited)",
					"@executable_path/Frameworks",
					"@loader_path/Frameworks",
				);
				PRODUCT_BUNDLE_IDENTIFIER = com.Alaskadream.RecipleaseUITests;
				PRODUCT_NAME = "$(TARGET_NAME)";
				SWIFT_OBJC_BRIDGING_HEADER = "RecipleaseUITests/RecipleaseUITests-Bridging-Header.h";
				SWIFT_VERSION = 4.2;
				TARGETED_DEVICE_FAMILY = "1,2";
				TEST_TARGET_NAME = Reciplease;
			};
			name = Release;
		};
/* End XCBuildConfiguration section */

/* Begin XCConfigurationList section */
		31824CFD22E0A1E700F2B989 /* Build configuration list for PBXProject "Reciplease" */ = {
			isa = XCConfigurationList;
			buildConfigurations = (
				31824D2B22E0A1E900F2B989 /* Debug */,
				31824D2C22E0A1E900F2B989 /* Release */,
			);
			defaultConfigurationIsVisible = 0;
			defaultConfigurationName = Release;
		};
		31824D2D22E0A1E900F2B989 /* Build configuration list for PBXNativeTarget "Reciplease" */ = {
			isa = XCConfigurationList;
			buildConfigurations = (
				31824D2E22E0A1E900F2B989 /* Debug */,
				31824D2F22E0A1E900F2B989 /* Release */,
			);
			defaultConfigurationIsVisible = 0;
			defaultConfigurationName = Release;
		};
		31824D3022E0A1E900F2B989 /* Build configuration list for PBXNativeTarget "RecipleaseTests" */ = {
			isa = XCConfigurationList;
			buildConfigurations = (
				31824D3122E0A1E900F2B989 /* Debug */,
				31824D3222E0A1E900F2B989 /* Release */,
			);
			defaultConfigurationIsVisible = 0;
			defaultConfigurationName = Release;
		};
		31824D3322E0A1E900F2B989 /* Build configuration list for PBXNativeTarget "RecipleaseUITests" */ = {
			isa = XCConfigurationList;
			buildConfigurations = (
				31824D3422E0A1E900F2B989 /* Debug */,
				31824D3522E0A1E900F2B989 /* Release */,
			);
			defaultConfigurationIsVisible = 0;
			defaultConfigurationName = Release;
		};
/* End XCConfigurationList section */

/* Begin XCVersionGroup section */
		31824D0C22E0A1E700F2B989 /* Reciplease.xcdatamodeld */ = {
			isa = XCVersionGroup;
			children = (
				31824D0D22E0A1E700F2B989 /* Reciplease.xcdatamodel */,
			);
			currentVersion = 31824D0D22E0A1E700F2B989 /* Reciplease.xcdatamodel */;
			path = Reciplease.xcdatamodeld;
			sourceTree = "<group>";
			versionGroupType = wrapper.xcdatamodel;
		};
/* End XCVersionGroup section */
	};
	rootObject = 31824CFA22E0A1E700F2B989 /* Project object */;
}
